
Microsoft Visual Studio Solution File, Format Version 12.00
# Visual Studio Version 17
VisualStudioVersion = 17.5.33530.505
MinimumVisualStudioVersion = 10.0.40219.1
Project("{9A19103F-16F7-4668-BE54-9A1E7A4F7556}") = "MysticalMayhem", "MysticalMayhem\MysticalMayhem.csproj", "{146F90FD-4D4B-4C7B-8215-564BF58D0ABB}"
EndProject
Global
	GlobalSection(SolutionConfigurationPlatforms) = preSolution
		Debug|Any CPU = Debug|Any CPU
		Release|Any CPU = Release|Any CPU
	EndGlobalSection
	GlobalSection(ProjectConfigurationPlatforms) = postSolution
		{146F90FD-4D4B-4C7B-8215-564BF58D0ABB}.Debug|Any CPU.ActiveCfg = Debug|Any CPU
		{146F90FD-4D4B-4C7B-8215-564BF58D0ABB}.Debug|Any CPU.Build.0 = Debug|Any CPU
		{146F90FD-4D4B-4C7B-8215-564BF58D0ABB}.Release|Any CPU.ActiveCfg = Release|Any CPU
		{146F90FD-4D4B-4C7B-8215-564BF58D0ABB}.Release|Any CPU.Build.0 = Release|Any CPU
	EndGlobalSection
	GlobalSection(SolutionProperties) = preSolution
		HideSolutionNode = FALSE
	EndGlobalSection
	GlobalSection(ExtensibilityGlobals) = postSolution
		SolutionGuid = {5BCDCCF8-6441-4756-AD79-0E9DF86D12B4}
	EndGlobalSection
EndGlobal
